lockfileVersion: 5.3

specifiers:
  '@rollup/plugin-buble': ^0.21.0
  '@rollup/plugin-node-resolve': ^8.4.0
  '@rollup/pluginutils': ^3.0.8
  protobufjs: ^6.11.2
  rollup: ^2.23.0
  source-map-support: ^0.5.19

dependencies:
  '@rollup/pluginutils': 3.1.0_rollup@2.56.3
  protobufjs: registry.nlark.com/protobufjs/6.11.2

devDependencies:
  '@rollup/plugin-buble': 0.21.3_rollup@2.56.3
  '@rollup/plugin-node-resolve': 8.4.0_rollup@2.56.3
  rollup: 2.56.3
  source-map-support: 0.5.20

packages:

  /@protobufjs/fetch/1.1.0:
    resolution: {integrity: sha1-upn7WYYUr2VwDBYZ/wbUVLDYTEU=, tarball: '@protobufjs/fetch/download/@protobufjs/fetch-1.1.0.tgz'}
    dependencies:
      '@protobufjs/aspromise': registry.nlark.com/@protobufjs/aspromise/1.1.2
      '@protobufjs/inquire': 1.1.0
    dev: false

  /@protobufjs/inquire/1.1.0:
    resolution: {integrity: sha1-/yAOPnzyQp4tyvwRQIKOjMY48Ik=, tarball: '@protobufjs/inquire/download/@protobufjs/inquire-1.1.0.tgz'}
    dev: false

  /@protobufjs/pool/1.1.0:
    resolution: {integrity: sha1-Cf0V8tbTq/qbZbw2ZQbWrXhG/1Q=, tarball: '@protobufjs/pool/download/@protobufjs/pool-1.1.0.tgz'}
    dev: false

  /@rollup/plugin-buble/0.21.3_rollup@2.56.3:
    resolution: {integrity: sha512-Iv8cCuFPnMdqV4pcyU+OrfjOfagPArRQ1PyQjx5KgHk3dARedI+8PNTLSMpJts0lQJr8yF2pAU4GxpxCBJ9HYw==}
    engines: {node: '>= 8.0.0'}
    peerDependencies:
      rollup: ^1.20.0||^2.0.0
    dependencies:
      '@rollup/pluginutils': 3.1.0_rollup@2.56.3
      '@types/buble': 0.19.2
      buble: 0.20.0
      rollup: 2.56.3
    dev: true

  /@rollup/plugin-node-resolve/8.4.0_rollup@2.56.3:
    resolution: {integrity: sha512-LFqKdRLn0ShtQyf6SBYO69bGE1upV6wUhBX0vFOUnLAyzx5cwp8svA0eHUnu8+YU57XOkrMtfG63QOpQx25pHQ==}
    engines: {node: '>= 8.0.0'}
    peerDependencies:
      rollup: ^1.20.0||^2.0.0
    dependencies:
      '@rollup/pluginutils': 3.1.0_rollup@2.56.3
      '@types/resolve': 1.17.1
      builtin-modules: 3.2.0
      deep-freeze: 0.0.1
      deepmerge: 4.2.2
      is-module: 1.0.0
      resolve: 1.20.0
      rollup: 2.56.3
    dev: true

  /@rollup/pluginutils/3.1.0_rollup@2.56.3:
    resolution: {integrity: sha512-GksZ6pr6TpIjHm8h9lSQ8pi8BE9VeubNT0OMJ3B5uZJ8pz73NPiqOtCog/x2/QzM1ENChPKxMDhiQuRHsqc+lg==}
    engines: {node: '>= 8.0.0'}
    peerDependencies:
      rollup: ^1.20.0||^2.0.0
    dependencies:
      '@types/estree': 0.0.39
      estree-walker: 1.0.1
      picomatch: 2.3.0
      rollup: 2.56.3

  /@types/buble/0.19.2:
    resolution: {integrity: sha512-uUD8zIfXMKThmFkahTXDGI3CthFH1kMg2dOm3KLi4GlC5cbARA64bEcUMbbWdWdE73eoc/iBB9PiTMqH0dNS2Q==}
    dependencies:
      magic-string: 0.25.7
    dev: true

  /@types/estree/0.0.39:
    resolution: {integrity: sha512-EYNwp3bU+98cpU4lAWYYL7Zz+2gryWH1qbdDTidVd6hkiR6weksdbMadyXKXNPEkQFhXM+hVO9ZygomHXp+AIw==}

  /@types/node/16.9.1:
    resolution: {integrity: sha512-QpLcX9ZSsq3YYUUnD3nFDY8H7wctAhQj/TFKL8Ya8v5fMm3CFXxo8zStsLAl780ltoYoo1WvKUVGBQK+1ifr7g==}
    dev: true

  /@types/resolve/1.17.1:
    resolution: {integrity: sha512-yy7HuzQhj0dhGpD8RLXSZWEkLsV9ibvxvi6EiJ3bkqLAO1RGo0WbkWQiwpRlSFymTJRz0d3k5LM3kkx8ArDbLw==}
    dependencies:
      '@types/node': 16.9.1
    dev: true

  /acorn-dynamic-import/4.0.0_acorn@6.4.2:
    resolution: {integrity: sha512-d3OEjQV4ROpoflsnUA8HozoIR504TFxNivYEUi6uwz0IYhBkTDXGuWlNdMtybRt3nqVx/L6XqMt0FxkXuWKZhw==}
    peerDependencies:
      acorn: ^6.0.0
    dependencies:
      acorn: 6.4.2
    dev: true

  /acorn-jsx/5.3.2_acorn@6.4.2:
    resolution: {integrity: sha512-rq9s+JNhf0IChjtDXxllJ7g41oZk5SlXtp0LHwyA5cejwn7vKmKp4pPri6YEePv2PU65sAsegbXtIinmDFDXgQ==}
    peerDependencies:
      acorn: ^6.0.0 || ^7.0.0 || ^8.0.0
    dependencies:
      acorn: 6.4.2
    dev: true

  /acorn/6.4.2:
    resolution: {integrity: sha512-XtGIhXwF8YM8bJhGxG5kXgjkEuNGLTkoYqVE+KMR+aspr4KGYmKYg7yUe3KghyQ9yheNwLnjmzh/7+gfDBmHCQ==}
    engines: {node: '>=0.4.0'}
    hasBin: true
    dev: true

  /ansi-styles/3.2.1:
    resolution: {integrity: sha512-VT0ZI6kZRdTh8YyJw3SMbYm/u+NqfsAxEpWO0Pf9sq8/e94WxxOpPKx9FR1FlyCtOVDNOQ+8ntlqFxiRc+r5qA==}
    engines: {node: '>=4'}
    dependencies:
      color-convert: 1.9.3
    dev: true

  /buble/0.20.0:
    resolution: {integrity: sha512-/1gnaMQE8xvd5qsNBl+iTuyjJ9XxeaVxAMF86dQ4EyxFJOZtsgOS8Ra+7WHgZTam5IFDtt4BguN0sH0tVTKrOw==}
    hasBin: true
    dependencies:
      acorn: 6.4.2
      acorn-dynamic-import: 4.0.0_acorn@6.4.2
      acorn-jsx: 5.3.2_acorn@6.4.2
      chalk: 2.4.2
      magic-string: 0.25.7
      minimist: 1.2.5
      regexpu-core: 4.5.4
    dev: true

  /buffer-from/1.1.2:
    resolution: {integrity: sha512-E+XQCRwSbaaiChtv6k6Dwgc+bx+Bs6vuKJHHl5kox/BaKbhiXzqQOwK4cO22yElGp2OCmjwVhT3HmxgyPGnJfQ==}
    dev: true

  /builtin-modules/3.2.0:
    resolution: {integrity: sha512-lGzLKcioL90C7wMczpkY0n/oART3MbBa8R9OFGE1rJxoVI86u4WAGfEk8Wjv10eKSyTHVGkSo3bvBylCEtk7LA==}
    engines: {node: '>=6'}
    dev: true

  /chalk/2.4.2:
    resolution: {integrity: sha512-Mti+f9lpJNcwF4tWV8/OrTTtF1gZi+f8FqlyAdouralcFWFQWF2+NgCHShjkCb+IFBLq9buZwE1xckQU4peSuQ==}
    engines: {node: '>=4'}
    dependencies:
      ansi-styles: 3.2.1
      escape-string-regexp: 1.0.5
      supports-color: 5.5.0
    dev: true

  /color-convert/1.9.3:
    resolution: {integrity: sha512-QfAUtd+vFdAtFQcC8CCyYt1fYWxSqAiK2cSD6zDB8N3cpsEBAvRxp9zOGg6G/SHHJYAT88/az/IuDGALsNVbGg==}
    dependencies:
      color-name: 1.1.3
    dev: true

  /color-name/1.1.3:
    resolution: {integrity: sha1-p9BVi9icQveV3UIyj3QIMcpTvCU=}
    dev: true

  /deep-freeze/0.0.1:
    resolution: {integrity: sha1-OgsABd4YZygZ39OM0x+RF5yJPoQ=}
    dev: true

  /deepmerge/4.2.2:
    resolution: {integrity: sha512-FJ3UgI4gIl+PHZm53knsuSFpE+nESMr7M4v9QcgB7S63Kj/6WqMiFQJpBBYz1Pt+66bZpP3Q7Lye0Oo9MPKEdg==}
    engines: {node: '>=0.10.0'}
    dev: true

  /escape-string-regexp/1.0.5:
    resolution: {integrity: sha1-G2HAViGQqN/2rjuyzwIAyhMLhtQ=}
    engines: {node: '>=0.8.0'}
    dev: true

  /estree-walker/1.0.1:
    resolution: {integrity: sha512-1fMXF3YP4pZZVozF8j/ZLfvnR8NSIljt56UhbZ5PeeDmmGHpgpdwQt7ITlGvYaQukCvuBRMLEiKiYC+oeIg4cg==}

  /fsevents/2.3.2:
    resolution: {integrity: sha512-xiqMQR4xAeHTuB9uWm+fFRcIOgKBMiOBP+eXiyT7jsgVCq1bkVygt00oASowB7EdtpOHaaPgKt812P9ab+DDKA==}
    engines: {node: ^8.16.0 || ^10.6.0 || >=11.0.0}
    os: [darwin]
    dev: true
    optional: true

  /function-bind/1.1.1:
    resolution: {integrity: sha512-yIovAzMX49sF8Yl58fSCWJ5svSLuaibPxXQJFLmBObTuCr0Mf1KiPopGM9NiFjiYBCbfaa2Fh6breQ6ANVTI0A==}
    dev: true

  /has-flag/3.0.0:
    resolution: {integrity: sha1-tdRU3CGZriJWmfNGfloH87lVuv0=}
    engines: {node: '>=4'}
    dev: true

  /has/1.0.3:
    resolution: {integrity: sha512-f2dvO0VU6Oej7RkWJGrehjbzMAjFp5/VKPp5tTpWIV4JHHZK1/BxbFRtf/siA2SWTe09caDmVtYYzWEIbBS4zw==}
    engines: {node: '>= 0.4.0'}
    dependencies:
      function-bind: 1.1.1
    dev: true

  /is-core-module/2.6.0:
    resolution: {integrity: sha512-wShG8vs60jKfPWpF2KZRaAtvt3a20OAn7+IJ6hLPECpSABLcKtFKTTI4ZtH5QcBruBHlq+WsdHWyz0BCZW7svQ==}
    dependencies:
      has: 1.0.3
    dev: true

  /is-module/1.0.0:
    resolution: {integrity: sha1-Mlj7afeMFNW4FdZkM2tM/7ZEFZE=}
    dev: true

  /jsesc/0.5.0:
    resolution: {integrity: sha1-597mbjXW/Bb3EP6R1c9p9w8IkR0=}
    hasBin: true
    dev: true

  /magic-string/0.25.7:
    resolution: {integrity: sha512-4CrMT5DOHTDk4HYDlzmwu4FVCcIYI8gauveasrdCu2IKIFOJ3f0v/8MDGJCDL9oD2ppz/Av1b0Nj345H9M+XIA==}
    dependencies:
      sourcemap-codec: 1.4.8
    dev: true

  /minimist/1.2.5:
    resolution: {integrity: sha512-FM9nNUYrRBAELZQT3xeZQ7fmMOBg6nWNmJKTcgsJeaLstP/UODVpGsr5OhXhhXg6f+qtJ8uiZ+PUxkDWcgIXLw==}
    dev: true

  /path-parse/1.0.7:
    resolution: {integrity: sha512-LDJzPVEEEPR+y48z93A0Ed0yXb8pAByGWo/k5YYdYgpY2/2EsOsksJrq7lOHxryrVOn1ejG6oAp8ahvOIQD8sw==}
    dev: true

  /picomatch/2.3.0:
    resolution: {integrity: sha512-lY1Q/PiJGC2zOv/z391WOTD+Z02bCgsFfvxoXXf6h7kv9o+WmsmzYqrAwY63sNgOxE4xEdq0WyUnXfKeBrSvYw==}
    engines: {node: '>=8.6'}

  /regenerate-unicode-properties/8.2.0:
    resolution: {integrity: sha512-F9DjY1vKLo/tPePDycuH3dn9H1OTPIkVD9Kz4LODu+F2C75mgjAJ7x/gwy6ZcSNRAAkhNlJSOHRe8k3p+K9WhA==}
    engines: {node: '>=4'}
    dependencies:
      regenerate: 1.4.2
    dev: true

  /regenerate/1.4.2:
    resolution: {integrity: sha512-zrceR/XhGYU/d/opr2EKO7aRHUeiBI8qjtfHqADTwZd6Szfy16la6kqD0MIUs5z5hx6AaKa+PixpPrR289+I0A==}
    dev: true

  /regexpu-core/4.5.4:
    resolution: {integrity: sha512-BtizvGtFQKGPUcTy56o3nk1bGRp4SZOTYrDtGNlqCQufptV5IkkLN6Emw+yunAJjzf+C9FQFtvq7IoA3+oMYHQ==}
    engines: {node: '>=4'}
    dependencies:
      regenerate: 1.4.2
      regenerate-unicode-properties: 8.2.0
      regjsgen: 0.5.2
      regjsparser: 0.6.9
      unicode-match-property-ecmascript: 1.0.4
      unicode-match-property-value-ecmascript: 1.2.0
    dev: true

  /regjsgen/0.5.2:
    resolution: {integrity: sha512-OFFT3MfrH90xIW8OOSyUrk6QHD5E9JOTeGodiJeBS3J6IwlgzJMNE/1bZklWz5oTg+9dCMyEetclvCVXOPoN3A==}
    dev: true

  /regjsparser/0.6.9:
    resolution: {integrity: sha512-ZqbNRz1SNjLAiYuwY0zoXW8Ne675IX5q+YHioAGbCw4X96Mjl2+dcX9B2ciaeyYjViDAfvIjFpQjJgLttTEERQ==}
    hasBin: true
    dependencies:
      jsesc: 0.5.0
    dev: true

  /resolve/1.20.0:
    resolution: {integrity: sha512-wENBPt4ySzg4ybFQW2TT1zMQucPK95HSh/nq2CFTZVOGut2+pQvSsgtda4d26YrYcr067wjbmzOG8byDPBX63A==}
    dependencies:
      is-core-module: 2.6.0
      path-parse: 1.0.7
    dev: true

  /rollup/2.56.3:
    resolution: {integrity: sha512-Au92NuznFklgQCUcV96iXlxUbHuB1vQMaH76DHl5M11TotjOHwqk9CwcrT78+Tnv4FN9uTBxq6p4EJoYkpyekg==}
    engines: {node: '>=10.0.0'}
    hasBin: true
    optionalDependencies:
      fsevents: 2.3.2
    dev: true

  /source-map-support/0.5.20:
    resolution: {integrity: sha512-n1lZZ8Ve4ksRqizaBQgxXDgKwttHDhyfQjA6YZZn8+AroHbsIz+JjwxQDxbp+7y5OYCI8t1Yk7etjD9CRd2hIw==}
    dependencies:
      buffer-from: 1.1.2
      source-map: 0.6.1
    dev: true

  /source-map/0.6.1:
    resolution: {integrity: sha512-UjgapumWlbMhkBgzT7Ykc5YXUT46F0iKu8SGXq0bcwP5dz/h0Plj6enJqjz1Zbq2l5WaqYnrVbwWOWMyF3F47g==}
    engines: {node: '>=0.10.0'}
    dev: true

  /sourcemap-codec/1.4.8:
    resolution: {integrity: sha512-9NykojV5Uih4lgo5So5dtw+f0JgJX30KCNI8gwhz2J9A15wD0Ml6tjHKwf6fTSa6fAdVBdZeNOs9eJ71qCk8vA==}
    dev: true

  /supports-color/5.5.0:
    resolution: {integrity: sha512-QjVjwdXIt408MIiAqCX4oUKsgU2EqAGzs2Ppkm4aQYbjm+ZEWEcW4SfFNTr4uMNZma0ey4f5lgLrkB0aX0QMow==}
    engines: {node: '>=4'}
    dependencies:
      has-flag: 3.0.0
    dev: true

  /unicode-canonical-property-names-ecmascript/1.0.4:
    resolution: {integrity: sha512-jDrNnXWHd4oHiTZnx/ZG7gtUTVp+gCcTTKr8L0HjlwphROEW3+Him+IpvC+xcJEFegapiMZyZe02CyuOnRmbnQ==}
    engines: {node: '>=4'}
    dev: true

  /unicode-match-property-ecmascript/1.0.4:
    resolution: {integrity: sha512-L4Qoh15vTfntsn4P1zqnHulG0LdXgjSO035fEpdtp6YxXhMT51Q6vgM5lYdG/5X3MjS+k/Y9Xw4SFCY9IkR0rg==}
    engines: {node: '>=4'}
    dependencies:
      unicode-canonical-property-names-ecmascript: 1.0.4
      unicode-property-aliases-ecmascript: 1.1.0
    dev: true

  /unicode-match-property-value-ecmascript/1.2.0:
    resolution: {integrity: sha512-wjuQHGQVofmSJv1uVISKLE5zO2rNGzM/KCYZch/QQvez7C1hUhBIuZ701fYXExuufJFMPhv2SyL8CyoIfMLbIQ==}
    engines: {node: '>=4'}
    dev: true

  /unicode-property-aliases-ecmascript/1.1.0:
    resolution: {integrity: sha512-PqSoPh/pWetQ2phoj5RLiaqIk4kCNwoV3CI+LfGmWLKI3rE3kl1h59XpX2BjgDrmbxD9ARtQobPGU1SguCYuQg==}
    engines: {node: '>=4'}
    dev: true

  registry.nlark.com/@protobufjs/aspromise/1.1.2:
    resolution: {integrity: sha1-m4sMxmPWaafY9vXQiToU00jzD78=, registry: https://registry.npm.taobao.org/, tarball: https://registry.nlark.com/@protobufjs/aspromise/download/@protobufjs/aspromise-1.1.2.tgz}
    name: '@protobufjs/aspromise'
    version: 1.1.2
    dev: false

  registry.nlark.com/@protobufjs/base64/1.1.2:
    resolution: {integrity: sha1-TIVzDlm5ofHzSQR9vyQpYDS7JzU=, registry: https://registry.npm.taobao.org/, tarball: https://registry.nlark.com/@protobufjs/base64/download/@protobufjs/base64-1.1.2.tgz}
    name: '@protobufjs/base64'
    version: 1.1.2
    dev: false

  registry.nlark.com/@protobufjs/codegen/2.0.4:
    resolution: {integrity: sha1-fvN/DQEPsCitGtWXIuUG2SYoFcs=, registry: https://registry.npm.taobao.org/, tarball: https://registry.nlark.com/@protobufjs/codegen/download/@protobufjs/codegen-2.0.4.tgz}
    name: '@protobufjs/codegen'
    version: 2.0.4
    dev: false

  registry.nlark.com/@protobufjs/eventemitter/1.1.0:
    resolution: {integrity: sha1-NVy8mLr61ZePntCV85diHx0Ga3A=, registry: https://registry.npm.taobao.org/, tarball: https://registry.nlark.com/@protobufjs/eventemitter/download/@protobufjs/eventemitter-1.1.0.tgz}
    name: '@protobufjs/eventemitter'
    version: 1.1.0
    dev: false

  registry.nlark.com/@protobufjs/float/1.0.2:
    resolution: {integrity: sha1-Xp4avctz/Ap8uLKR33jIy9l7h9E=, registry: https://registry.npm.taobao.org/, tarball: https://registry.nlark.com/@protobufjs/float/download/@protobufjs/float-1.0.2.tgz}
    name: '@protobufjs/float'
    version: 1.0.2
    dev: false

  registry.nlark.com/@protobufjs/path/1.1.2:
    resolution: {integrity: sha1-bMKyDFya1q0NzP0hynZz2Nf79o0=, registry: https://registry.npm.taobao.org/, tarball: https://registry.nlark.com/@protobufjs/path/download/@protobufjs/path-1.1.2.tgz}
    name: '@protobufjs/path'
    version: 1.1.2
    dev: false

  registry.nlark.com/@protobufjs/utf8/1.1.0:
    resolution: {integrity: sha1-p3c2C1s5oaLlEG+OhY8v0tBgxXA=, registry: https://registry.npm.taobao.org/, tarball: https://registry.nlark.com/@protobufjs/utf8/download/@protobufjs/utf8-1.1.0.tgz}
    name: '@protobufjs/utf8'
    version: 1.1.0
    dev: false

  registry.nlark.com/@types/long/4.0.1:
    resolution: {integrity: sha1-RZxl+hhn2v5qjzIsTFFpVmPMVek=, registry: https://registry.npm.taobao.org/, tarball: https://registry.nlark.com/@types/long/download/@types/long-4.0.1.tgz}
    name: '@types/long'
    version: 4.0.1
    dev: false

  registry.nlark.com/@types/node/16.9.1:
    resolution: {integrity: sha1-BhGzfbQkbJN/7vUp3cwBjPjjVwg=, registry: https://registry.npm.taobao.org/, tarball: https://registry.nlark.com/@types/node/download/@types/node-16.9.1.tgz?cache=0&sync_timestamp=1631225931029&other_urls=https%3A%2F%2Fregistry.nlark.com%2F%40types%2Fnode%2Fdownload%2F%40types%2Fnode-16.9.1.tgz}
    name: '@types/node'
    version: 16.9.1
    dev: false

  registry.nlark.com/long/4.0.0:
    resolution: {integrity: sha1-mntxz7fTYaGU6lVSQckvdGjVvyg=, registry: https://registry.npm.taobao.org/, tarball: https://registry.nlark.com/long/download/long-4.0.0.tgz}
    name: long
    version: 4.0.0
    dev: false

  registry.nlark.com/protobufjs/6.11.2:
    resolution: {integrity: sha1-3jn6vU7TK+qgjpux4w0IVEwe34s=, registry: https://registry.npm.taobao.org/, tarball: https://registry.nlark.com/protobufjs/download/protobufjs-6.11.2.tgz}
    name: protobufjs
    version: 6.11.2
    hasBin: true
    requiresBuild: true
    dependencies:
      '@protobufjs/aspromise': registry.nlark.com/@protobufjs/aspromise/1.1.2
      '@protobufjs/base64': registry.nlark.com/@protobufjs/base64/1.1.2
      '@protobufjs/codegen': registry.nlark.com/@protobufjs/codegen/2.0.4
      '@protobufjs/eventemitter': registry.nlark.com/@protobufjs/eventemitter/1.1.0
      '@protobufjs/fetch': 1.1.0
      '@protobufjs/float': registry.nlark.com/@protobufjs/float/1.0.2
      '@protobufjs/inquire': 1.1.0
      '@protobufjs/path': registry.nlark.com/@protobufjs/path/1.1.2
      '@protobufjs/pool': 1.1.0
      '@protobufjs/utf8': registry.nlark.com/@protobufjs/utf8/1.1.0
      '@types/long': registry.nlark.com/@types/long/4.0.1
      '@types/node': registry.nlark.com/@types/node/16.9.1
      long: registry.nlark.com/long/4.0.0
    dev: false
